
Microsoft Visual Studio Solution File, Format Version 12.00
# Visual Studio 2013
VisualStudioVersion = 12.0.40629.0
MinimumVisualStudioVersion = 10.0.40219.1
Project("{00D1A9C2-B5F0-4AF3-8072-F6C62B433612}") = "eRAMO.FB.Database", "FB\eRAMO.FB.Database\eRAMO.FB.Database.sqlproj", "{1581F7CA-D68A-452C-ADA8-B92D6CCF3F18}"
EndProject
Project("{2150E333-8FDC-42A3-9474-1A3956D46DE8}") = "Layers", "Layers", "{CF29997E-BDF4-4F28-A281-968B43CCF8CC}"
EndProject
Project("{FAE04EC0-301F-11D3-BF4B-00C04F79EFBC}") = "eRAMO.FB.Business", "FB\eRAMO.FB.Business\eRAMO.FB.Business.csproj", "{05783E53-166C-4C7E-AA79-3F7B99C1081B}"
EndProject
Project("{FAE04EC0-301F-11D3-BF4B-00C04F79EFBC}") = "eRAMO.FB.Data", "FB\eRAMO.FB.Data\eRAMO.FB.Data.csproj", "{8F1BE0A4-3AE3-4DF3-A96C-DDB3D1B89EBA}"
EndProject
Project("{FAE04EC0-301F-11D3-BF4B-00C04F79EFBC}") = "eRAMO.FB.Manager", "FB\eRAMO.FB.Manager\eRAMO.FB.Manager.csproj", "{301CCB85-3F11-4414-B023-297184EAABE6}"
EndProject
Project("{FAE04EC0-301F-11D3-BF4B-00C04F79EFBC}") = "eRAMO.FB.Model", "FB\eRAMO.FB.Model\eRAMO.FB.Model.csproj", "{CA45B887-B3DA-4C70-A9F4-00B4C0E06F88}"
EndProject
Project("{FAE04EC0-301F-11D3-BF4B-00C04F79EFBC}") = "eRAMO.FB.Resources", "FB\eRAMO.FB.Resources\eRAMO.FB.Resources.csproj", "{DA5A7014-2ACB-4B14-BB1D-9B74EBFE20EB}"
EndProject
Project("{FAE04EC0-301F-11D3-BF4B-00C04F79EFBC}") = "eRAMO.FB.Administrator", "FB\eRAMO.FB.Administrator\eRAMO.FB.Administrator.csproj", "{319E3FFA-DB43-4370-A8D3-49471B0A9BF8}"
EndProject
Project("{FAE04EC0-301F-11D3-BF4B-00C04F79EFBC}") = "eRAMO.FB.Web", "eRAMO.FB.Web\eRAMO.FB.Web.csproj", "{5CA2275F-2A15-41A2-AF69-FB8273ABADE6}"
EndProject
Global
	GlobalSection(SolutionConfigurationPlatforms) = preSolution
		Debug|Any CPU = Debug|Any CPU
		Release|Any CPU = Release|Any CPU
	EndGlobalSection
	GlobalSection(ProjectConfigurationPlatforms) = postSolution
		{1581F7CA-D68A-452C-ADA8-B92D6CCF3F18}.Debug|Any CPU.ActiveCfg = Debug|Any CPU
		{1581F7CA-D68A-452C-ADA8-B92D6CCF3F18}.Debug|Any CPU.Build.0 = Debug|Any CPU
		{1581F7CA-D68A-452C-ADA8-B92D6CCF3F18}.Debug|Any CPU.Deploy.0 = Debug|Any CPU
		{1581F7CA-D68A-452C-ADA8-B92D6CCF3F18}.Release|Any CPU.ActiveCfg = Release|Any CPU
		{1581F7CA-D68A-452C-ADA8-B92D6CCF3F18}.Release|Any CPU.Build.0 = Release|Any CPU
		{1581F7CA-D68A-452C-ADA8-B92D6CCF3F18}.Release|Any CPU.Deploy.0 = Release|Any CPU
		{05783E53-166C-4C7E-AA79-3F7B99C1081B}.Debug|Any CPU.ActiveCfg = Debug|Any CPU
		{05783E53-166C-4C7E-AA79-3F7B99C1081B}.Debug|Any CPU.Build.0 = Debug|Any CPU
		{05783E53-166C-4C7E-AA79-3F7B99C1081B}.Release|Any CPU.ActiveCfg = Release|Any CPU
		{05783E53-166C-4C7E-AA79-3F7B99C1081B}.Release|Any CPU.Build.0 = Release|Any CPU
		{8F1BE0A4-3AE3-4DF3-A96C-DDB3D1B89EBA}.Debug|Any CPU.ActiveCfg = Debug|Any CPU
		{8F1BE0A4-3AE3-4DF3-A96C-DDB3D1B89EBA}.Debug|Any CPU.Build.0 = Debug|Any CPU
		{8F1BE0A4-3AE3-4DF3-A96C-DDB3D1B89EBA}.Release|Any CPU.ActiveCfg = Release|Any CPU
		{8F1BE0A4-3AE3-4DF3-A96C-DDB3D1B89EBA}.Release|Any CPU.Build.0 = Release|Any CPU
		{301CCB85-3F11-4414-B023-297184EAABE6}.Debug|Any CPU.ActiveCfg = Debug|Any CPU
		{301CCB85-3F11-4414-B023-297184EAABE6}.Debug|Any CPU.Build.0 = Debug|Any CPU
		{301CCB85-3F11-4414-B023-297184EAABE6}.Release|Any CPU.ActiveCfg = Release|Any CPU
		{301CCB85-3F11-4414-B023-297184EAABE6}.Release|Any CPU.Build.0 = Release|Any CPU
		{CA45B887-B3DA-4C70-A9F4-00B4C0E06F88}.Debug|Any CPU.ActiveCfg = Debug|Any CPU
		{CA45B887-B3DA-4C70-A9F4-00B4C0E06F88}.Debug|Any CPU.Build.0 = Debug|Any CPU
		{CA45B887-B3DA-4C70-A9F4-00B4C0E06F88}.Release|Any CPU.ActiveCfg = Release|Any CPU
		{CA45B887-B3DA-4C70-A9F4-00B4C0E06F88}.Release|Any CPU.Build.0 = Release|Any CPU
		{DA5A7014-2ACB-4B14-BB1D-9B74EBFE20EB}.Debug|Any CPU.ActiveCfg = Debug|Any CPU
		{DA5A7014-2ACB-4B14-BB1D-9B74EBFE20EB}.Debug|Any CPU.Build.0 = Debug|Any CPU
		{DA5A7014-2ACB-4B14-BB1D-9B74EBFE20EB}.Release|Any CPU.ActiveCfg = Release|Any CPU
		{DA5A7014-2ACB-4B14-BB1D-9B74EBFE20EB}.Release|Any CPU.Build.0 = Release|Any CPU
		{319E3FFA-DB43-4370-A8D3-49471B0A9BF8}.Debug|Any CPU.ActiveCfg = Debug|Any CPU
		{319E3FFA-DB43-4370-A8D3-49471B0A9BF8}.Debug|Any CPU.Build.0 = Debug|Any CPU
		{319E3FFA-DB43-4370-A8D3-49471B0A9BF8}.Release|Any CPU.ActiveCfg = Release|Any CPU
		{319E3FFA-DB43-4370-A8D3-49471B0A9BF8}.Release|Any CPU.Build.0 = Release|Any CPU
		{5CA2275F-2A15-41A2-AF69-FB8273ABADE6}.Debug|Any CPU.ActiveCfg = Debug|Any CPU
		{5CA2275F-2A15-41A2-AF69-FB8273ABADE6}.Debug|Any CPU.Build.0 = Debug|Any CPU
		{5CA2275F-2A15-41A2-AF69-FB8273ABADE6}.Release|Any CPU.ActiveCfg = Release|Any CPU
		{5CA2275F-2A15-41A2-AF69-FB8273ABADE6}.Release|Any CPU.Build.0 = Release|Any CPU
	EndGlobalSection
	GlobalSection(SolutionProperties) = preSolution
		HideSolutionNode = FALSE
	EndGlobalSection
	GlobalSection(NestedProjects) = preSolution
		{05783E53-166C-4C7E-AA79-3F7B99C1081B} = {CF29997E-BDF4-4F28-A281-968B43CCF8CC}
		{8F1BE0A4-3AE3-4DF3-A96C-DDB3D1B89EBA} = {CF29997E-BDF4-4F28-A281-968B43CCF8CC}
		{301CCB85-3F11-4414-B023-297184EAABE6} = {CF29997E-BDF4-4F28-A281-968B43CCF8CC}
		{CA45B887-B3DA-4C70-A9F4-00B4C0E06F88} = {CF29997E-BDF4-4F28-A281-968B43CCF8CC}
		{DA5A7014-2ACB-4B14-BB1D-9B74EBFE20EB} = {CF29997E-BDF4-4F28-A281-968B43CCF8CC}
	EndGlobalSection
EndGlobal
